// !$*UTF8*$!
{
	archiveVersion = 1;
	classes = {
	};
	objectVersion = 50;
	objects = {

/* Begin PBXBuildFile section */
		6149DADA211D28F300389798 /* ButtonViewController.swift in Sources */ = {isa = PBXBuildFile; fileRef = 6149DAD9211D28F300389798 /* ButtonViewController.swift */; };
		6149DADC211D3A3E00389798 /* ImageViewController.swift in Sources */ = {isa = PBXBuildFile; fileRef = 6149DADB211D3A3E00389798 /* ImageViewController.swift */; };
		6149DADE211D629A00389798 /* TextFieldViewController.swift in Sources */ = {isa = PBXBuildFile; fileRef = 6149DADD211D629A00389798 /* TextFieldViewController.swift */; };
		6149DAE0211D773700389798 /* SearchBarViewController.swift in Sources */ = {isa = PBXBuildFile; fileRef = 6149DADF211D773700389798 /* SearchBarViewController.swift */; };
		6149DAE2211D831600389798 /* ProgressViewController.swift in Sources */ = {isa = PBXBuildFile; fileRef = 6149DAE1211D831600389798 /* ProgressViewController.swift */; };
		619B6CE3211C1C0900F91683 /* AppDelegate.swift in Sources */ = {isa = PBXBuildFile; fileRef = 619B6CE2211C1C0900F91683 /* AppDelegate.swift */; };
		619B6CE5211C1C0900F91683 /* ViewController.swift in Sources */ = {isa = PBXBuildFile; fileRef = 619B6CE4211C1C0900F91683 /* ViewController.swift */; };
		619B6CE8211C1C0900F91683 /* Main.storyboard in Resources */ = {isa = PBXBuildFile; fileRef = 619B6CE6211C1C0900F91683 /* Main.storyboard */; };
		619B6CEA211C1C0B00F91683 /* Assets.xcassets in Resources */ = {isa = PBXBuildFile; fileRef = 619B6CE9211C1C0B00F91683 /* Assets.xcassets */; };
		619B6CED211C1C0B00F91683 /* LaunchScreen.storyboard in Resources */ = {isa = PBXBuildFile; fileRef = 619B6CEB211C1C0B00F91683 /* LaunchScreen.storyboard */; };
		619B6CF8211C1C0B00F91683 /* SwiftBasisUITests.swift in Sources */ = {isa = PBXBuildFile; fileRef = 619B6CF7211C1C0B00F91683 /* SwiftBasisUITests.swift */; };
		619B6D03211C2EA700F91683 /* LableViewController.swift in Sources */ = {isa = PBXBuildFile; fileRef = 619B6D02211C2EA700F91683 /* LableViewController.swift */; };
/* End PBXBuildFile section */

/* Begin PBXContainerItemProxy section */
		619B6CF4211C1C0B00F91683 /* PBXContainerItemProxy */ = {
			isa = PBXContainerItemProxy;
			containerPortal = 619B6CD7211C1C0900F91683 /* Project object */;
			proxyType = 1;
			remoteGlobalIDString = 619B6CDE211C1C0900F91683;
			remoteInfo = SwiftBasis;
		};
/* End PBXContainerItemProxy section */

/* Begin PBXFileReference section */
		6149DAD9211D28F300389798 /* ButtonViewController.swift */ = {isa = PBXFileReference; lastKnownFileType = sourcecode.swift; path = ButtonViewController.swift; sourceTree = "<group>"; };
		6149DADB211D3A3E00389798 /* ImageViewController.swift */ = {isa = PBXFileReference; lastKnownFileType = sourcecode.swift; path = ImageViewController.swift; sourceTree = "<group>"; };
		6149DADD211D629A00389798 /* TextFieldViewController.swift */ = {isa = PBXFileReference; lastKnownFileType = sourcecode.swift; path = TextFieldViewController.swift; sourceTree = "<group>"; };
		6149DADF211D773700389798 /* SearchBarViewController.swift */ = {isa = PBXFileReference; lastKnownFileType = sourcecode.swift; path = SearchBarViewController.swift; sourceTree = "<group>"; };
		6149DAE1211D831600389798 /* ProgressViewController.swift */ = {isa = PBXFileReference; lastKnownFileType = sourcecode.swift; path = ProgressViewController.swift; sourceTree = "<group>"; };
		619B6CDF211C1C0900F91683 /* SwiftBasis.app */ = {isa = PBXFileReference; explicitFileType = wrapper.application; includeInIndex = 0; path = SwiftBasis.app; sourceTree = BUILT_PRODUCTS_DIR; };
		619B6CE2211C1C0900F91683 /* AppDelegate.swift */ = {isa = PBXFileReference; lastKnownFileType = sourcecode.swift; path = AppDelegate.swift; sourceTree = "<group>"; };
		619B6CE4211C1C0900F91683 /* ViewController.swift */ = {isa = PBXFileReference; lastKnownFileType = sourcecode.swift; path = ViewController.swift; sourceTree = "<group>"; };
		619B6CE7211C1C0900F91683 /* Base */ = {isa = PBXFileReference; lastKnownFileType = file.storyboard; name = Base; path = Base.lproj/Main.storyboard; sourceTree = "<group>"; };
		619B6CE9211C1C0B00F91683 /* Assets.xcassets */ = {isa = PBXFileReference; lastKnownFileType = folder.assetcatalog; path = Assets.xcassets; sourceTree = "<group>"; };
		619B6CEC211C1C0B00F91683 /* Base */ = {isa = PBXFileReference; lastKnownFileType = file.storyboard; name = Base; path = Base.lproj/LaunchScreen.storyboard; sourceTree = "<group>"; };
		619B6CEE211C1C0B00F91683 /* Info.plist */ = {isa = PBXFileReference; lastKnownFileType = text.plist.xml; path = Info.plist; sourceTree = "<group>"; };
		619B6CF3211C1C0B00F91683 /* SwiftBasisUITests.xctest */ = {isa = PBXFileReference; explicitFileType = wrapper.cfbundle; includeInIndex = 0; path = SwiftBasisUITests.xctest; sourceTree = BUILT_PRODUCTS_DIR; };
		619B6CF7211C1C0B00F91683 /* SwiftBasisUITests.swift */ = {isa = PBXFileReference; lastKnownFileType = sourcecode.swift; path = SwiftBasisUITests.swift; sourceTree = "<group>"; };
		619B6CF9211C1C0B00F91683 /* Info.plist */ = {isa = PBXFileReference; lastKnownFileType = text.plist.xml; path = Info.plist; sourceTree = "<group>"; };
		619B6D02211C2EA700F91683 /* LableViewController.swift */ = {isa = PBXFileReference; lastKnownFileType = sourcecode.swift; path = LableViewController.swift; sourceTree = "<group>"; };
/* End PBXFileReference section */

/* Begin PBXFrameworksBuildPhase section */
		619B6CDC211C1C0900F91683 /* Frameworks */ = {
			isa = PBXFrameworksBuildPhase;
			buildActionMask = 2147483647;
			files = (
			);
			runOnlyForDeploymentPostprocessing = 0;
		};
		619B6CF0211C1C0B00F91683 /* Frameworks */ = {
			isa = PBXFrameworksBuildPhase;
			buildActionMask = 2147483647;
			files = (
			);
			runOnlyForDeploymentPostprocessing = 0;
		};
/* End PBXFrameworksBuildPhase section */

/* Begin PBXGroup section */
		619B6CD6211C1C0900F91683 = {
			isa = PBXGroup;
			children = (
				619B6CE1211C1C0900F91683 /* SwiftBasis */,
				619B6CF6211C1C0B00F91683 /* SwiftBasisUITests */,
				619B6CE0211C1C0900F91683 /* Products */,
			);
			sourceTree = "<group>";
		};
		619B6CE0211C1C0900F91683 /* Products */ = {
			isa = PBXGroup;
			children = (
				619B6CDF211C1C0900F91683 /* SwiftBasis.app */,
				619B6CF3211C1C0B00F91683 /* SwiftBasisUITests.xctest */,
			);
			name = Products;
			sourceTree = "<group>";
		};
		619B6CE1211C1C0900F91683 /* SwiftBasis */ = {
			isa = PBXGroup;
			children = (
				619B6CE2211C1C0900F91683 /* AppDelegate.swift */,
				619B6CE4211C1C0900F91683 /* ViewController.swift */,
				619B6D02211C2EA700F91683 /* LableViewController.swift */,
				6149DAD9211D28F300389798 /* ButtonViewController.swift */,
				6149DADB211D3A3E00389798 /* ImageViewController.swift */,
				6149DADD211D629A00389798 /* TextFieldViewController.swift */,
				6149DADF211D773700389798 /* SearchBarViewController.swift */,
				6149DAE1211D831600389798 /* ProgressViewController.swift */,
				619B6CE6211C1C0900F91683 /* Main.storyboard */,
				619B6CE9211C1C0B00F91683 /* Assets.xcassets */,
				619B6CEB211C1C0B00F91683 /* LaunchScreen.storyboard */,
				619B6CEE211C1C0B00F91683 /* Info.plist */,
			);
			path = SwiftBasis;
			sourceTree = "<group>";
		};
		619B6CF6211C1C0B00F91683 /* SwiftBasisUITests */ = {
			isa = PBXGroup;
			children = (
				619B6CF7211C1C0B00F91683 /* SwiftBasisUITests.swift */,
				619B6CF9211C1C0B00F91683 /* Info.plist */,
			);
			path = SwiftBasisUITests;
			sourceTree = "<group>";
		};
/* End PBXGroup section */

/* Begin PBXNativeTarget section */
		619B6CDE211C1C0900F91683 /* SwiftBasis */ = {
			isa = PBXNativeTarget;
			buildConfigurationList = 619B6CFC211C1C0B00F91683 /* Build configuration list for PBXNativeTarget "SwiftBasis" */;
			buildPhases = (
				619B6CDB211C1C0900F91683 /* Sources */,
				619B6CDC211C1C0900F91683 /* Frameworks */,
				619B6CDD211C1C0900F91683 /* Resources */,
			);
			buildRules = (
			);
			dependencies = (
			);
			name = SwiftBasis;
			productName = SwiftBasis;
			productReference = 619B6CDF211C1C0900F91683 /* SwiftBasis.app */;
			productType = "com.apple.product-type.application";
		};
		619B6CF2211C1C0B00F91683 /* SwiftBasisUITests */ = {
			isa = PBXNativeTarget;
			buildConfigurationList = 619B6CFF211C1C0B00F91683 /* Build configuration list for PBXNativeTarget "SwiftBasisUITests" */;
			buildPhases = (
				619B6CEF211C1C0B00F91683 /* Sources */,
				619B6CF0211C1C0B00F91683 /* Frameworks */,
				619B6CF1211C1C0B00F91683 /* Resources */,
			);
			buildRules = (
			);
			dependencies = (
				619B6CF5211C1C0B00F91683 /* PBXTargetDependency */,
			);
			name = SwiftBasisUITests;
			productName = SwiftBasisUITests;
			productReference = 619B6CF3211C1C0B00F91683 /* SwiftBasisUITests.xctest */;
			productType = "com.apple.product-type.bundle.ui-testing";
		};
/* End PBXNativeTarget section */

/* Begin PBXProject section */
		619B6CD7211C1C0900F91683 /* Project object */ = {
			isa = PBXProject;
			attributes = {
				LastSwiftUpdateCheck = 0940;
				LastUpgradeCheck = 0940;
				ORGANIZATIONNAME = LHWen;
				TargetAttributes = {
					619B6CDE211C1C0900F91683 = {
						CreatedOnToolsVersion = 9.4.1;
					};
					619B6CF2211C1C0B00F91683 = {
						CreatedOnToolsVersion = 9.4.1;
						TestTargetID = 619B6CDE211C1C0900F91683;
					};
				};
			};
			buildConfigurationList = 619B6CDA211C1C0900F91683 /* Build configuration list for PBXProject "SwiftBasis" */;
			compatibilityVersion = "Xcode 9.3";
			developmentRegion = en;
			hasScannedForEncodings = 0;
			knownRegions = (
				en,
				Base,
			);
			mainGroup = 619B6CD6211C1C0900F91683;
			productRefGroup = 619B6CE0211C1C0900F91683 /* Products */;
			projectDirPath = "";
			projectRoot = "";
			targets = (
				619B6CDE211C1C0900F91683 /* SwiftBasis */,
				619B6CF2211C1C0B00F91683 /* SwiftBasisUITests */,
			);
		};
/* End PBXProject section */

/* Begin PBXResourcesBuildPhase section */
		619B6CDD211C1C0900F91683 /* Resources */ = {
			isa = PBXResourcesBuildPhase;
			buildActionMask = 2147483647;
			files = (
				619B6CED211C1C0B00F91683 /* LaunchScreen.storyboard in Resources */,
				619B6CEA211C1C0B00F91683 /* Assets.xcassets in Resources */,
				619B6CE8211C1C0900F91683 /* Main.storyboard in Resources */,
			);
			runOnlyForDeploymentPostprocessing = 0;
		};
		619B6CF1211C1C0B00F91683 /* Resources */ = {
			isa = PBXResourcesBuildPhase;
			buildActionMask = 2147483647;
			files = (
			);
			runOnlyForDeploymentPostprocessing = 0;
		};
/* End PBXResourcesBuildPhase section */

/* Begin PBXSourcesBuildPhase section */
		619B6CDB211C1C0900F91683 /* Sources */ = {
			isa = PBXSourcesBuildPhase;
			buildActionMask = 2147483647;
			files = (
				6149DAE0211D773700389798 /* SearchBarViewController.swift in Sources */,
				6149DADA211D28F300389798 /* ButtonViewController.swift in Sources */,
				619B6CE5211C1C0900F91683 /* ViewController.swift in Sources */,
				6149DAE2211D831600389798 /* ProgressViewController.swift in Sources */,
				6149DADE211D629A00389798 /* TextFieldViewController.swift in Sources */,
				6149DADC211D3A3E00389798 /* ImageViewController.swift in Sources */,
				619B6D03211C2EA700F91683 /* LableViewController.swift in Sources */,
				619B6CE3211C1C0900F91683 /* AppDelegate.swift in Sources */,
			);
			runOnlyForDeploymentPostprocessing = 0;
		};
		619B6CEF211C1C0B00F91683 /* Sources */ = {
			isa = PBXSourcesBuildPhase;
			buildActionMask = 2147483647;
			files = (
				619B6CF8211C1C0B00F91683 /* SwiftBasisUITests.swift in Sources */,
			);
			runOnlyForDeploymentPostprocessing = 0;
		};
/* End PBXSourcesBuildPhase section */

/* Begin PBXTargetDependency section */
		619B6CF5211C1C0B00F91683 /* PBXTargetDependency */ = {
			isa = PBXTargetDependency;
			target = 619B6CDE211C1C0900F91683 /* SwiftBasis */;
			targetProxy = 619B6CF4211C1C0B00F91683 /* PBXContainerItemProxy */;
		};
/* End PBXTargetDependency section */

/* Begin PBXVariantGroup section */
		619B6CE6211C1C0900F91683 /* Main.storyboard */ = {
			isa = PBXVariantGroup;
			children = (
				619B6CE7211C1C0900F91683 /* Base */,
			);
			name = Main.storyboard;
			sourceTree = "<group>";
		};
		619B6CEB211C1C0B00F91683 /* LaunchScreen.storyboard */ = {
			isa = PBXVariantGroup;
			children = (
				619B6CEC211C1C0B00F91683 /* Base */,
			);
			name = LaunchScreen.storyboard;
			sourceTree = "<group>";
		};
/* End PBXVariantGroup section */

/* Begin XCBuildConfiguration section */
		619B6CFA211C1C0B00F91683 /* Debug */ = {
			isa = XCBuildConfiguration;
			buildSettings = {
				ALWAYS_SEARCH_USER_PATHS = NO;
				CLANG_ANALYZER_NONNULL = YES;
				CLANG_ANALYZER_NUMBER_OBJECT_CONVERSION = YES_AGGRESSIVE;
				CLANG_CXX_LANGUAGE_STANDARD = "gnu++14";
				CLANG_CXX_LIBRARY = "libc++";
				CLANG_ENABLE_MODULES = YES;
				CLANG_ENABLE_OBJC_ARC = YES;
				CLANG_ENABLE_OBJC_WEAK = YES;
				CLANG_WARN_BLOCK_CAPTURE_AUTORELEASING = YES;
				CLANG_WARN_BOOL_CONVERSION = YES;
				CLANG_WARN_COMMA = YES;
				CLANG_WARN_CONSTANT_CONVERSION = YES;
				CLANG_WARN_DEPRECATED_OBJC_IMPLEMENTATIONS = YES;
				CLANG_WARN_DIRECT_OBJC_ISA_USAGE = YES_ERROR;
				CLANG_WARN_DOCUMENTATION_COMMENTS = YES;
				CLANG_WARN_EMPTY_BODY = YES;
				CLANG_WARN_ENUM_CONVERSION = YES;
				CLANG_WARN_INFINITE_RECURSION = YES;
				CLANG_WARN_INT_CONVERSION = YES;
				CLANG_WARN_NON_LITERAL_NULL_CONVERSION = YES;
				CLANG_WARN_OBJC_IMPLICIT_RETAIN_SELF = YES;
				CLANG_WARN_OBJC_LITERAL_CONVERSION = YES;
				CLANG_WARN_OBJC_ROOT_CLASS = YES_ERROR;
				CLANG_WARN_RANGE_LOOP_ANALYSIS = YES;
				CLANG_WARN_STRICT_PROTOTYPES = YES;
				CLANG_WARN_SUSPICIOUS_MOVE = YES;
				CLANG_WARN_UNGUARDED_AVAILABILITY = YES_AGGRESSIVE;
				CLANG_WARN_UNREACHABLE_CODE = YES;
				CLANG_WARN__DUPLICATE_METHOD_MATCH = YES;
				CODE_SIGN_IDENTITY = "iPhone Developer";
				COPY_PHASE_STRIP = NO;
				DEBUG_INFORMATION_FORMAT = dwarf;
				ENABLE_STRICT_OBJC_MSGSEND = YES;
				ENABLE_TESTABILITY = YES;
				GCC_C_LANGUAGE_STANDARD = gnu11;
				GCC_DYNAMIC_NO_PIC = NO;
				GCC_NO_COMMON_BLOCKS = YES;
				GCC_OPTIMIZATION_LEVEL = 0;
				GCC_PREPROCESSOR_DEFINITIONS = (
					"DEBUG=1",
					"$(inherited)",
				);
				GCC_WARN_64_TO_32_BIT_CONVERSION = YES;
				GCC_WARN_ABOUT_RETURN_TYPE = YES_ERROR;
				GCC_WARN_UNDECLARED_SELECTOR = YES;
				GCC_WARN_UNINITIALIZED_AUTOS = YES_AGGRESSIVE;
				GCC_WARN_UNUSED_FUNCTION = YES;
				GCC_WARN_UNUSED_VARIABLE = YES;
				IPHONEOS_DEPLOYMENT_TARGET = 11.4;
				MTL_ENABLE_DEBUG_INFO = YES;
				ONLY_ACTIVE_ARCH = YES;
				SDKROOT = iphoneos;
				SWIFT_ACTIVE_COMPILATION_CONDITIONS = DEBUG;
				SWIFT_OPTIMIZATION_LEVEL = "-Onone";
			};
			name = Debug;
		};
		619B6CFB211C1C0B00F91683 /* Release */ = {
			isa = XCBuildConfiguration;
			buildSettings = {
				ALWAYS_SEARCH_USER_PATHS = NO;
				CLANG_ANALYZER_NONNULL = YES;
				CLANG_ANALYZER_NUMBER_OBJECT_CONVERSION = YES_AGGRESSIVE;
				CLANG_CXX_LANGUAGE_STANDARD = "gnu++14";
				CLANG_CXX_LIBRARY = "libc++";
				CLANG_ENABLE_MODULES = YES;
				CLANG_ENABLE_OBJC_ARC = YES;
				CLANG_ENABLE_OBJC_WEAK = YES;
				CLANG_WARN_BLOCK_CAPTURE_AUTORELEASING = YES;
				CLANG_WARN_BOOL_CONVERSION = YES;
				CLANG_WARN_COMMA = YES;
				CLANG_WARN_CONSTANT_CONVERSION = YES;
				CLANG_WARN_DEPRECATED_OBJC_IMPLEMENTATIONS = YES;
				CLANG_WARN_DIRECT_OBJC_ISA_USAGE = YES_ERROR;
				CLANG_WARN_DOCUMENTATION_COMMENTS = YES;
				CLANG_WARN_EMPTY_BODY = YES;
				CLANG_WARN_ENUM_CONVERSION = YES;
				CLANG_WARN_INFINITE_RECURSION = YES;
				CLANG_WARN_INT_CONVERSION = YES;
				CLANG_WARN_NON_LITERAL_NULL_CONVERSION = YES;
				CLANG_WARN_OBJC_IMPLICIT_RETAIN_SELF = YES;
				CLANG_WARN_OBJC_LITERAL_CONVERSION = YES;
				CLANG_WARN_OBJC_ROOT_CLASS = YES_ERROR;
				CLANG_WARN_RANGE_LOOP_ANALYSIS = YES;
				CLANG_WARN_STRICT_PROTOTYPES = YES;
				CLANG_WARN_SUSPICIOUS_MOVE = YES;
				CLANG_WARN_UNGUARDED_AVAILABILITY = YES_AGGRESSIVE;
				CLANG_WARN_UNREACHABLE_CODE = YES;
				CLANG_WARN__DUPLICATE_METHOD_MATCH = YES;
				CODE_SIGN_IDENTITY = "iPhone Developer";
				COPY_PHASE_STRIP = NO;
				DEBUG_INFORMATION_FORMAT = "dwarf-with-dsym";
				ENABLE_NS_ASSERTIONS = NO;
				ENABLE_STRICT_OBJC_MSGSEND = YES;
				GCC_C_LANGUAGE_STANDARD = gnu11;
				GCC_NO_COMMON_BLOCKS = YES;
				GCC_WARN_64_TO_32_BIT_CONVERSION = YES;
				GCC_WARN_ABOUT_RETURN_TYPE = YES_ERROR;
				GCC_WARN_UNDECLARED_SELECTOR = YES;
				GCC_WARN_UNINITIALIZED_AUTOS = YES_AGGRESSIVE;
				GCC_WARN_UNUSED_FUNCTION = YES;
				GCC_WARN_UNUSED_VARIABLE = YES;
				IPHONEOS_DEPLOYMENT_TARGET = 11.4;
				MTL_ENABLE_DEBUG_INFO = NO;
				SDKROOT = iphoneos;
				SWIFT_COMPILATION_MODE = wholemodule;
				SWIFT_OPTIMIZATION_LEVEL = "-O";
				VALIDATE_PRODUCT = YES;
			};
			name = Release;
		};
		619B6CFD211C1C0B00F91683 /* Debug */ = {
			isa = XCBuildConfiguration;
			buildSettings = {
				ASSETCATALOG_COMPILER_APPICON_NAME = AppIcon;
				CODE_SIGN_STYLE = Automatic;
				DEVELOPMENT_TEAM = N4D937Q79X;
				INFOPLIST_FILE = SwiftBasis/Info.plist;
				IPHONEOS_DEPLOYMENT_TARGET = 8.0;
				LD_RUNPATH_SEARCH_PATHS = (
					"$(inherited)",
					"@executable_path/Frameworks",
				);
				PRODUCT_BUNDLE_IDENTIFIER = net.wen.SwiftBasis;
				PRODUCT_NAME = "$(TARGET_NAME)";
				SWIFT_VERSION = 4.0;
				TARGETED_DEVICE_FAMILY = "1,2";
			};
			name = Debug;
		};
		619B6CFE211C1C0B00F91683 /* Release */ = {
			isa = XCBuildConfiguration;
			buildSettings = {
				ASSETCATALOG_COMPILER_APPICON_NAME = AppIcon;
				CODE_SIGN_STYLE = Automatic;
				DEVELOPMENT_TEAM = N4D937Q79X;
				INFOPLIST_FILE = SwiftBasis/Info.plist;
				IPHONEOS_DEPLOYMENT_TARGET = 8.0;
				LD_RUNPATH_SEARCH_PATHS = (
					"$(inherited)",
					"@executable_path/Frameworks",
				);
				PRODUCT_BUNDLE_IDENTIFIER = net.wen.SwiftBasis;
				PRODUCT_NAME = "$(TARGET_NAME)";
				SWIFT_VERSION = 4.0;
				TARGETED_DEVICE_FAMILY = "1,2";
			};
			name = Release;
		};
		619B6D00211C1C0B00F91683 /* Debug */ = {
			isa = XCBuildConfiguration;
			buildSettings = {
				ALWAYS_EMBED_SWIFT_STANDARD_LIBRARIES = YES;
				CODE_SIGN_STYLE = Automatic;
				INFOPLIST_FILE = SwiftBasisUITests/Info.plist;
				LD_RUNPATH_SEARCH_PATHS = (
					"$(inherited)",
					"@executable_path/Frameworks",
					"@loader_path/Frameworks",
				);
				PRODUCT_BUNDLE_IDENTIFIER = net.wen.SwiftBasisUITests;
				PRODUCT_NAME = "$(TARGET_NAME)";
				SWIFT_VERSION = 4.0;
				TARGETED_DEVICE_FAMILY = "1,2";
				TEST_TARGET_NAME = SwiftBasis;
			};
			name = Debug;
		};
		619B6D01211C1C0B00F91683 /* Release */ = {
			isa = XCBuildConfiguration;
			buildSettings = {
				ALWAYS_EMBED_SWIFT_STANDARD_LIBRARIES = YES;
				CODE_SIGN_STYLE = Automatic;
				INFOPLIST_FILE = SwiftBasisUITests/Info.plist;
				LD_RUNPATH_SEARCH_PATHS = (
					"$(inherited)",
					"@executable_path/Frameworks",
					"@loader_path/Frameworks",
				);
				PRODUCT_BUNDLE_IDENTIFIER = net.wen.SwiftBasisUITests;
				PRODUCT_NAME = "$(TARGET_NAME)";
				SWIFT_VERSION = 4.0;
				TARGETED_DEVICE_FAMILY = "1,2";
				TEST_TARGET_NAME = SwiftBasis;
			};
			name = Release;
		};
/* End XCBuildConfiguration section */

/* Begin XCConfigurationList section */
		619B6CDA211C1C0900F91683 /* Build configuration list for PBXProject "SwiftBasis" */ = {
			isa = XCConfigurationList;
			buildConfigurations = (
				619B6CFA211C1C0B00F91683 /* Debug */,
				619B6CFB211C1C0B00F91683 /* Release */,
			);
			defaultConfigurationIsVisible = 0;
			defaultConfigurationName = Release;
		};
		619B6CFC211C1C0B00F91683 /* Build configuration list for PBXNativeTarget "SwiftBasis" */ = {
			isa = XCConfigurationList;
			buildConfigurations = (
				619B6CFD211C1C0B00F91683 /* Debug */,
				619B6CFE211C1C0B00F91683 /* Release */,
			);
			defaultConfigurationIsVisible = 0;
			defaultConfigurationName = Release;
		};
		619B6CFF211C1C0B00F91683 /* Build configuration list for PBXNativeTarget "SwiftBasisUITests" */ = {
			isa = XCConfigurationList;
			buildConfigurations = (
				619B6D00211C1C0B00F91683 /* Debug */,
				619B6D01211C1C0B00F91683 /* Release */,
			);
			defaultConfigurationIsVisible = 0;
			defaultConfigurationName = Release;
		};
/* End XCConfigurationList section */
	};
	rootObject = 619B6CD7211C1C0900F91683 /* Project object */;
}
